
Microsoft Visual Studio Solution File, Format Version 12.00
# Visual Studio Version 16
VisualStudioVersion = 16.0.31321.278
MinimumVisualStudioVersion = 10.0.40219.1
Project("{FAE04EC0-301F-11D3-BF4B-00C04F79EFBC}") = "Challenge.Aceleracion", "Challenge.Aceleracion.csproj", "{79359E2D-EE87-47F2-B248-9F9FB12655AA}"
EndProject
Global
	GlobalSection(SolutionConfigurationPlatforms) = preSolution
		Debug|Any CPU = Debug|Any CPU
		Release|Any CPU = Release|Any CPU
	EndGlobalSection
	GlobalSection(ProjectConfigurationPlatforms) = postSolution
		{79359E2D-EE87-47F2-B248-9F9FB12655AA}.Debug|Any CPU.ActiveCfg = Debug|Any CPU
		{79359E2D-EE87-47F2-B248-9F9FB12655AA}.Debug|Any CPU.Build.0 = Debug|Any CPU
		{79359E2D-EE87-47F2-B248-9F9FB12655AA}.Release|Any CPU.ActiveCfg = Release|Any CPU
		{79359E2D-EE87-47F2-B248-9F9FB12655AA}.Release|Any CPU.Build.0 = Release|Any CPU
	EndGlobalSection
	GlobalSection(SolutionProperties) = preSolution
		HideSolutionNode = FALSE
	EndGlobalSection
	GlobalSection(ExtensibilityGlobals) = postSolution
		SolutionGuid = {1900C65A-6CD2-427E-B234-69122BCBC635}
	EndGlobalSection
EndGlobal
